
Microsoft Visual Studio Solution File, Format Version 12.00
# Visual Studio Version 16
VisualStudioVersion = 16.0.32407.337
MinimumVisualStudioVersion = 10.0.40219.1
Project("{FAE04EC0-301F-11D3-BF4B-00C04F79EFBC}") = "3_zadacha", "3_zadacha\3_zadacha.csproj", "{351FF529-DC48-4E57-AB81-7CA07AB70599}"
EndProject
Global
	GlobalSection(SolutionConfigurationPlatforms) = preSolution
		Debug|Any CPU = Debug|Any CPU
		Release|Any CPU = Release|Any CPU
	EndGlobalSection
	GlobalSection(ProjectConfigurationPlatforms) = postSolution
		{351FF529-DC48-4E57-AB81-7CA07AB70599}.Debug|Any CPU.ActiveCfg = Debug|Any CPU
		{351FF529-DC48-4E57-AB81-7CA07AB70599}.Debug|Any CPU.Build.0 = Debug|Any CPU
		{351FF529-DC48-4E57-AB81-7CA07AB70599}.Release|Any CPU.ActiveCfg = Release|Any CPU
		{351FF529-DC48-4E57-AB81-7CA07AB70599}.Release|Any CPU.Build.0 = Release|Any CPU
	EndGlobalSection
	GlobalSection(SolutionProperties) = preSolution
		HideSolutionNode = FALSE
	EndGlobalSection
	GlobalSection(ExtensibilityGlobals) = postSolution
		SolutionGuid = {5766C6E8-B352-42D5-A6C8-CCD8E88F2C18}
	EndGlobalSection
EndGlobal
